{
  "name": "sudoku-mobile",
  "version": "1.0.0",
  "lockfileVersion": 3,
  "requires": true,
  "packages": {
    "": {
      "name": "sudoku-mobile",
      "version": "1.0.0",
      "dependencies": {
        "@expo/metro-runtime": "~5.0.5",
        "expo": "~53.0.9",
        "expo-status-bar": "~2.2.3",
        "react": "19.0.0",
        "react-dom": "19.0.0",
        "react-native": "0.79.2",
        "react-native-web": "^0.20.0"
      }
    },
    "node_modules/@0no-co/graphql.web": {
      "version": "1.2.0",
      "resolved": "https://registry.npmjs.org/@0no-co/graphql.web/-/graphql.web-1.2.0.tgz",
      "integrity": "sha512-/1iHy9TTr63gE1YcR5idjx8UREz1s0kFhydf3bBLCXyqjhkIc6igAzTOx3zPifCwFR87tsh/4Pa9cNts6d2otw==",
      "license": "MIT",
      "peerDependencies": {
        "graphql": "^14.0.0 || ^15.0.0 || ^16.0.0"
      },
      "peerDependenciesMeta": {
        "graphql": {
          "optional": true
        }
      }
    }
  }
}
